
Microsoft Visual Studio Solution File, Format Version 12.00
# Visual Studio 14
VisualStudioVersion = 14.0.23107.0
MinimumVisualStudioVersion = 10.0.40219.1
Project("{FAE04EC0-301F-11D3-BF4B-00C04F79EFBC}") = "Aenima.Rebus", "Aenima.Rebus\Aenima.Rebus.csproj", "{62E29D2B-7CCD-4B54-A8AD-7A80F9F6492C}"
EndProject
Project("{FAE04EC0-301F-11D3-BF4B-00C04F79EFBC}") = "Aenima", "Aenima\Aenima.csproj", "{408D1041-00E9-4604-BFEE-A5CEC5A1687D}"
EndProject
Project("{FAE04EC0-301F-11D3-BF4B-00C04F79EFBC}") = "Aenima.Dapper", "Aenima.Dapper\Aenima.Dapper.csproj", "{D99A4838-EA03-4E8B-858A-45E5189F95CD}"
EndProject
Project("{FAE04EC0-301F-11D3-BF4B-00C04F79EFBC}") = "Aenima.JsonNet", "Aenima.JsonNet\Aenima.JsonNet.csproj", "{3D3F990B-5AB2-4A22-9A9B-3F41018B4176}"
EndProject
Project("{2150E333-8FDC-42A3-9474-1A3956D46DE8}") = "Tests", "Tests", "{6C054086-F4FE-482C-A089-E1913C677B80}"
EndProject
Project("{FAE04EC0-301F-11D3-BF4B-00C04F79EFBC}") = "Aenima.NServiceBus", "Aenima.NServiceBus\Aenima.NServiceBus.csproj", "{B4410C9D-0527-409B-8174-1DD52EB3995D}"
EndProject
Project("{FAE04EC0-301F-11D3-BF4B-00C04F79EFBC}") = "Aenima.JsonNet.Tests", "..\tests\Aenima.JsonNet.Tests\Aenima.JsonNet.Tests.csproj", "{69EB1C8A-E028-4635-AB74-553F117AA98C}"
EndProject
Project("{FAE04EC0-301F-11D3-BF4B-00C04F79EFBC}") = "Aenima.Dapper.Tests", "..\tests\Aenima.Dapper.Tests\Aenima.Dapper.Tests.csproj", "{6D6C6EE7-6ECD-4461-A234-7CEAC5A3EB58}"
EndProject
Project("{FAE04EC0-301F-11D3-BF4B-00C04F79EFBC}") = "Aenima.Jil", "Aenima.Jil\Aenima.Jil.csproj", "{B42351F7-609A-4E3C-86A5-43BA406C17F9}"
EndProject
Project("{FAE04EC0-301F-11D3-BF4B-00C04F79EFBC}") = "Aenima.ServiceStack", "Aenima.ServiceStack\Aenima.ServiceStack.csproj", "{33AD4CC5-E4D4-42E0-B514-9C7C12B868C5}"
EndProject
Project("{FAE04EC0-301F-11D3-BF4B-00C04F79EFBC}") = "Aenima.Serialization.Tests", "..\tests\Aenima.Serialization.Tests\Aenima.Serialization.Tests.csproj", "{DA60B364-26D1-4AA2-A11D-DC86A475A3A6}"
EndProject
Project("{FAE04EC0-301F-11D3-BF4B-00C04F79EFBC}") = "Aenima.EventStore", "Aenima.EventStore\Aenima.EventStore.csproj", "{9A59AE91-451B-4FEC-8ACE-6AE831A9D295}"
EndProject
Project("{FAE04EC0-301F-11D3-BF4B-00C04F79EFBC}") = "Aenima.Tests", "..\tests\Aenima.Tests\Aenima.Tests.csproj", "{277ACC76-2E5B-4E33-8BA5-51E9AD280F1B}"
EndProject
Global
	GlobalSection(SolutionConfigurationPlatforms) = preSolution
		Debug|Any CPU = Debug|Any CPU
		Release|Any CPU = Release|Any CPU
	EndGlobalSection
	GlobalSection(ProjectConfigurationPlatforms) = postSolution
		{62E29D2B-7CCD-4B54-A8AD-7A80F9F6492C}.Debug|Any CPU.ActiveCfg = Debug|Any CPU
		{62E29D2B-7CCD-4B54-A8AD-7A80F9F6492C}.Debug|Any CPU.Build.0 = Debug|Any CPU
		{62E29D2B-7CCD-4B54-A8AD-7A80F9F6492C}.Release|Any CPU.ActiveCfg = Release|Any CPU
		{62E29D2B-7CCD-4B54-A8AD-7A80F9F6492C}.Release|Any CPU.Build.0 = Release|Any CPU
		{408D1041-00E9-4604-BFEE-A5CEC5A1687D}.Debug|Any CPU.ActiveCfg = Debug|Any CPU
		{408D1041-00E9-4604-BFEE-A5CEC5A1687D}.Debug|Any CPU.Build.0 = Debug|Any CPU
		{408D1041-00E9-4604-BFEE-A5CEC5A1687D}.Release|Any CPU.ActiveCfg = Release|Any CPU
		{408D1041-00E9-4604-BFEE-A5CEC5A1687D}.Release|Any CPU.Build.0 = Release|Any CPU
		{D99A4838-EA03-4E8B-858A-45E5189F95CD}.Debug|Any CPU.ActiveCfg = Debug|Any CPU
		{D99A4838-EA03-4E8B-858A-45E5189F95CD}.Debug|Any CPU.Build.0 = Debug|Any CPU
		{D99A4838-EA03-4E8B-858A-45E5189F95CD}.Release|Any CPU.ActiveCfg = Release|Any CPU
		{D99A4838-EA03-4E8B-858A-45E5189F95CD}.Release|Any CPU.Build.0 = Release|Any CPU
		{3D3F990B-5AB2-4A22-9A9B-3F41018B4176}.Debug|Any CPU.ActiveCfg = Debug|Any CPU
		{3D3F990B-5AB2-4A22-9A9B-3F41018B4176}.Debug|Any CPU.Build.0 = Debug|Any CPU
		{3D3F990B-5AB2-4A22-9A9B-3F41018B4176}.Release|Any CPU.ActiveCfg = Release|Any CPU
		{3D3F990B-5AB2-4A22-9A9B-3F41018B4176}.Release|Any CPU.Build.0 = Release|Any CPU
		{B4410C9D-0527-409B-8174-1DD52EB3995D}.Debug|Any CPU.ActiveCfg = Debug|Any CPU
		{B4410C9D-0527-409B-8174-1DD52EB3995D}.Debug|Any CPU.Build.0 = Debug|Any CPU
		{B4410C9D-0527-409B-8174-1DD52EB3995D}.Release|Any CPU.ActiveCfg = Release|Any CPU
		{B4410C9D-0527-409B-8174-1DD52EB3995D}.Release|Any CPU.Build.0 = Release|Any CPU
		{69EB1C8A-E028-4635-AB74-553F117AA98C}.Debug|Any CPU.ActiveCfg = Debug|Any CPU
		{69EB1C8A-E028-4635-AB74-553F117AA98C}.Debug|Any CPU.Build.0 = Debug|Any CPU
		{69EB1C8A-E028-4635-AB74-553F117AA98C}.Release|Any CPU.ActiveCfg = Release|Any CPU
		{69EB1C8A-E028-4635-AB74-553F117AA98C}.Release|Any CPU.Build.0 = Release|Any CPU
		{6D6C6EE7-6ECD-4461-A234-7CEAC5A3EB58}.Debug|Any CPU.ActiveCfg = Debug|Any CPU
		{6D6C6EE7-6ECD-4461-A234-7CEAC5A3EB58}.Debug|Any CPU.Build.0 = Debug|Any CPU
		{6D6C6EE7-6ECD-4461-A234-7CEAC5A3EB58}.Release|Any CPU.ActiveCfg = Release|Any CPU
		{6D6C6EE7-6ECD-4461-A234-7CEAC5A3EB58}.Release|Any CPU.Build.0 = Release|Any CPU
		{B42351F7-609A-4E3C-86A5-43BA406C17F9}.Debug|Any CPU.ActiveCfg = Debug|Any CPU
		{B42351F7-609A-4E3C-86A5-43BA406C17F9}.Debug|Any CPU.Build.0 = Debug|Any CPU
		{B42351F7-609A-4E3C-86A5-43BA406C17F9}.Release|Any CPU.ActiveCfg = Release|Any CPU
		{B42351F7-609A-4E3C-86A5-43BA406C17F9}.Release|Any CPU.Build.0 = Release|Any CPU
		{33AD4CC5-E4D4-42E0-B514-9C7C12B868C5}.Debug|Any CPU.ActiveCfg = Debug|Any CPU
		{33AD4CC5-E4D4-42E0-B514-9C7C12B868C5}.Debug|Any CPU.Build.0 = Debug|Any CPU
		{33AD4CC5-E4D4-42E0-B514-9C7C12B868C5}.Release|Any CPU.ActiveCfg = Release|Any CPU
		{33AD4CC5-E4D4-42E0-B514-9C7C12B868C5}.Release|Any CPU.Build.0 = Release|Any CPU
		{DA60B364-26D1-4AA2-A11D-DC86A475A3A6}.Debug|Any CPU.ActiveCfg = Debug|Any CPU
		{DA60B364-26D1-4AA2-A11D-DC86A475A3A6}.Debug|Any CPU.Build.0 = Debug|Any CPU
		{DA60B364-26D1-4AA2-A11D-DC86A475A3A6}.Release|Any CPU.ActiveCfg = Release|Any CPU
		{DA60B364-26D1-4AA2-A11D-DC86A475A3A6}.Release|Any CPU.Build.0 = Release|Any CPU
		{9A59AE91-451B-4FEC-8ACE-6AE831A9D295}.Debug|Any CPU.ActiveCfg = Debug|Any CPU
		{9A59AE91-451B-4FEC-8ACE-6AE831A9D295}.Debug|Any CPU.Build.0 = Debug|Any CPU
		{9A59AE91-451B-4FEC-8ACE-6AE831A9D295}.Release|Any CPU.ActiveCfg = Release|Any CPU
		{9A59AE91-451B-4FEC-8ACE-6AE831A9D295}.Release|Any CPU.Build.0 = Release|Any CPU
		{277ACC76-2E5B-4E33-8BA5-51E9AD280F1B}.Debug|Any CPU.ActiveCfg = Debug|Any CPU
		{277ACC76-2E5B-4E33-8BA5-51E9AD280F1B}.Debug|Any CPU.Build.0 = Debug|Any CPU
		{277ACC76-2E5B-4E33-8BA5-51E9AD280F1B}.Release|Any CPU.ActiveCfg = Release|Any CPU
		{277ACC76-2E5B-4E33-8BA5-51E9AD280F1B}.Release|Any CPU.Build.0 = Release|Any CPU
	EndGlobalSection
	GlobalSection(SolutionProperties) = preSolution
		HideSolutionNode = FALSE
	EndGlobalSection
	GlobalSection(NestedProjects) = preSolution
		{69EB1C8A-E028-4635-AB74-553F117AA98C} = {6C054086-F4FE-482C-A089-E1913C677B80}
		{6D6C6EE7-6ECD-4461-A234-7CEAC5A3EB58} = {6C054086-F4FE-482C-A089-E1913C677B80}
		{DA60B364-26D1-4AA2-A11D-DC86A475A3A6} = {6C054086-F4FE-482C-A089-E1913C677B80}
		{277ACC76-2E5B-4E33-8BA5-51E9AD280F1B} = {6C054086-F4FE-482C-A089-E1913C677B80}
	EndGlobalSection
EndGlobal
